
Microsoft Visual Studio Solution File, Format Version 12.00
# Visual Studio Version 16
VisualStudioVersion = 16.0.31019.35
MinimumVisualStudioVersion = 10.0.40219.1
Project("{FAE04EC0-301F-11D3-BF4B-00C04F79EFBC}") = "DotNetCoreWebApp", "DotNetCoreWebApp\DotNetCoreWebApp.csproj", "{D6EC7AEE-C9D7-404F-A3CA-F43BBA8E2342}"
EndProject
Global
	GlobalSection(SolutionConfigurationPlatforms) = preSolution
		Debug|Any CPU = Debug|Any CPU
		Release|Any CPU = Release|Any CPU
	EndGlobalSection
	GlobalSection(ProjectConfigurationPlatforms) = postSolution
		{D6EC7AEE-C9D7-404F-A3CA-F43BBA8E2342}.Debug|Any CPU.ActiveCfg = Debug|Any CPU
		{D6EC7AEE-C9D7-404F-A3CA-F43BBA8E2342}.Debug|Any CPU.Build.0 = Debug|Any CPU
		{D6EC7AEE-C9D7-404F-A3CA-F43BBA8E2342}.Release|Any CPU.ActiveCfg = Release|Any CPU
		{D6EC7AEE-C9D7-404F-A3CA-F43BBA8E2342}.Release|Any CPU.Build.0 = Release|Any CPU
	EndGlobalSection
	GlobalSection(SolutionProperties) = preSolution
		HideSolutionNode = FALSE
	EndGlobalSection
	GlobalSection(ExtensibilityGlobals) = postSolution
		SolutionGuid = {6DE73F7E-F91A-4C7F-98BF-1B9F548D3D30}
	EndGlobalSection
EndGlobal
